
Microsoft Visual Studio Solution File, Format Version 12.00
# Visual Studio Version 16
VisualStudioVersion = 16.0.28729.10
MinimumVisualStudioVersion = 10.0.40219.1
Project("{151D2E53-A2C4-4D7D-83FE-D05416EBD58E}") = "AzureResourceGroup", "src\AzureResourceGroup\AzureResourceGroup.deployproj", "{B1EBDA22-E6AC-40F8-88D5-F6F76676EADC}"
EndProject
Project("{9A19103F-16F7-4668-BE54-9A1E7A4F7556}") = "DeviceOfflineDetection", "src\DeviceOfflineDetection\DeviceOfflineDetection.csproj", "{BB1C95B7-3951-4963-9944-001A1C1D4531}"
EndProject
Global
	GlobalSection(SolutionConfigurationPlatforms) = preSolution
		Debug|Any CPU = Debug|Any CPU
		Release|Any CPU = Release|Any CPU
	EndGlobalSection
	GlobalSection(ProjectConfigurationPlatforms) = postSolution
		{B1EBDA22-E6AC-40F8-88D5-F6F76676EADC}.Debug|Any CPU.ActiveCfg = Debug|Any CPU
		{B1EBDA22-E6AC-40F8-88D5-F6F76676EADC}.Debug|Any CPU.Build.0 = Debug|Any CPU
		{B1EBDA22-E6AC-40F8-88D5-F6F76676EADC}.Release|Any CPU.ActiveCfg = Release|Any CPU
		{B1EBDA22-E6AC-40F8-88D5-F6F76676EADC}.Release|Any CPU.Build.0 = Release|Any CPU
		{BB1C95B7-3951-4963-9944-001A1C1D4531}.Debug|Any CPU.ActiveCfg = Debug|Any CPU
		{BB1C95B7-3951-4963-9944-001A1C1D4531}.Debug|Any CPU.Build.0 = Debug|Any CPU
		{BB1C95B7-3951-4963-9944-001A1C1D4531}.Release|Any CPU.ActiveCfg = Release|Any CPU
		{BB1C95B7-3951-4963-9944-001A1C1D4531}.Release|Any CPU.Build.0 = Release|Any CPU
	EndGlobalSection
	GlobalSection(SolutionProperties) = preSolution
		HideSolutionNode = FALSE
	EndGlobalSection
	GlobalSection(ExtensibilityGlobals) = postSolution
		SolutionGuid = {B47A471F-4A0F-4A9E-8CD3-3428290C1037}
	EndGlobalSection
EndGlobal
